
Microsoft Visual Studio Solution File, Format Version 12.00
# Visual Studio 15
VisualStudioVersion = 15.0.28307.168
MinimumVisualStudioVersion = 10.0.40219.1
Project("{9A19103F-16F7-4668-BE54-9A1E7A4F7556}") = "DDSS", "DDSS\DDSS.csproj", "{D963B44A-13F2-4F4D-A5A4-8A3CA5E76FA3}"
EndProject
Project("{FAE04EC0-301F-11D3-BF4B-00C04F79EFBC}") = "LOIN", "LOIN\LOIN.csproj", "{1514F21D-3866-45BC-86AE-E6171A0A2962}"
EndProject
Global
	GlobalSection(SolutionConfigurationPlatforms) = preSolution
		Debug|Any CPU = Debug|Any CPU
		Release|Any CPU = Release|Any CPU
	EndGlobalSection
	GlobalSection(ProjectConfigurationPlatforms) = postSolution
		{D963B44A-13F2-4F4D-A5A4-8A3CA5E76FA3}.Debug|Any CPU.ActiveCfg = Debug|Any CPU
		{D963B44A-13F2-4F4D-A5A4-8A3CA5E76FA3}.Debug|Any CPU.Build.0 = Debug|Any CPU
		{D963B44A-13F2-4F4D-A5A4-8A3CA5E76FA3}.Release|Any CPU.ActiveCfg = Release|Any CPU
		{D963B44A-13F2-4F4D-A5A4-8A3CA5E76FA3}.Release|Any CPU.Build.0 = Release|Any CPU
		{1514F21D-3866-45BC-86AE-E6171A0A2962}.Debug|Any CPU.ActiveCfg = Debug|Any CPU
		{1514F21D-3866-45BC-86AE-E6171A0A2962}.Debug|Any CPU.Build.0 = Debug|Any CPU
		{1514F21D-3866-45BC-86AE-E6171A0A2962}.Release|Any CPU.ActiveCfg = Release|Any CPU
		{1514F21D-3866-45BC-86AE-E6171A0A2962}.Release|Any CPU.Build.0 = Release|Any CPU
	EndGlobalSection
	GlobalSection(SolutionProperties) = preSolution
		HideSolutionNode = FALSE
	EndGlobalSection
	GlobalSection(ExtensibilityGlobals) = postSolution
		SolutionGuid = {FB9EC456-7356-4561-BED1-E03F91E00A00}
	EndGlobalSection
EndGlobal
